{
	"name": "javascript-browser",
	"version": "1.0.0",
	"lockfileVersion": 1,
	"requires": true,
	"dependencies": {
		"@types/consola": {
			"version": "2.2.5",
			"resolved": "https://registry.npmjs.org/@types/consola/-/consola-2.2.5.tgz",
			"integrity": "sha512-ttF6wKgTQJfdUBK6zwg/C4kqzFyKqwg8kRdUOj+rn1T0CsrBvgwBn+ILLhfoVGiOY5/FAzLbD/Ld/tSgt7Damg==",
			"dev": true,
			"requires": {
				"consola": "*"
			}
		},
		"@types/node": {
			"version": "14.14.31",
			"resolved": "https://registry.npmjs.org/@types/node/-/node-14.14.31.tgz",
			"integrity": "sha512-vFHy/ezP5qI0rFgJ7aQnjDXwAMrG0KqqIH7tQG5PPv3BWBayOPIQNBjVc/P6hhdZfMx51REc6tfDNXHUio893g==",
			"dev": true
		},
		"consola": {
			"version": "2.15.3",
			"resolved": "https://registry.npmjs.org/consola/-/consola-2.15.3.tgz",
			"integrity": "sha512-9vAdYbHj6x2fLKC4+oPH0kFzY/orMZyG2Aj+kNylHxKGJ/Ed4dpNyAQYwJOdqO4zdM7XpVHmyejQDcQHrnuXbw=="
		},
		"typescript": {
			"version": "4.2.2",
			"resolved": "https://registry.npmjs.org/typescript/-/typescript-4.2.2.tgz",
			"integrity": "sha512-tbb+NVrLfnsJy3M59lsDgrzWIflR4d4TIUjz+heUnHZwdF7YsrMTKoRERiIvI2lvBG95dfpLxB21WZhys1bgaQ==",
			"dev": true
		}
	}
}
