{
	"name": "@code-game-project/javascript-client",
	"version": "1.0.2",
	"lockfileVersion": 1,
	"requires": true,
	"dependencies": {
		"@types/consola": {
			"version": "2.2.5",
			"resolved": "https://registry.npmjs.org/@types/consola/-/consola-2.2.5.tgz",
			"integrity": "sha512-ttF6wKgTQJfdUBK6zwg/C4kqzFyKqwg8kRdUOj+rn1T0CsrBvgwBn+ILLhfoVGiOY5/FAzLbD/Ld/tSgt7Damg==",
			"dev": true,
			"requires": {
				"consola": "*"
			}
		},
		"@types/node": {
			"version": "14.14.37",
			"resolved": "https://registry.npmjs.org/@types/node/-/node-14.14.37.tgz",
			"integrity": "sha512-XYmBiy+ohOR4Lh5jE379fV2IU+6Jn4g5qASinhitfyO71b/sCo6MKsMLF5tc7Zf2CE8hViVQyYSobJNke8OvUw==",
			"dev": true
		},
		"consola": {
			"version": "2.15.3",
			"resolved": "https://registry.npmjs.org/consola/-/consola-2.15.3.tgz",
			"integrity": "sha512-9vAdYbHj6x2fLKC4+oPH0kFzY/orMZyG2Aj+kNylHxKGJ/Ed4dpNyAQYwJOdqO4zdM7XpVHmyejQDcQHrnuXbw=="
		},
		"typescript": {
			"version": "4.2.2",
			"resolved": "https://registry.npmjs.org/typescript/-/typescript-4.2.2.tgz",
			"integrity": "sha512-tbb+NVrLfnsJy3M59lsDgrzWIflR4d4TIUjz+heUnHZwdF7YsrMTKoRERiIvI2lvBG95dfpLxB21WZhys1bgaQ==",
			"dev": true
		},
		"ws": {
			"version": "7.4.4",
			"resolved": "https://registry.npmjs.org/ws/-/ws-7.4.4.tgz",
			"integrity": "sha512-Qm8k8ojNQIMx7S+Zp8u/uHOx7Qazv3Yv4q68MiWWWOJhiwG5W3x7iqmRtJo8xxrciZUY4vRxUTJCKuRnF28ZZw=="
		}
	}
}
